github.com/ebitengine/purego v0.10.1 h1:dewVBCBT2GaMu1SrNTYxQhgQBethzfhiwvZiLGP/qyY=
github.com/ebitengine/purego v0.10.1/go.mod h1:iIjxzd6CiRiOG0UyXP+V1+jWqUXVjPKLAI0mRfJZTmQ=
github.com/gen2brain/go-fitz v1.23.7 h1:HPhzEVzmOINvCKqQgB/DwMzYh4ArIgy3tMwq1eJTcbg=
github.com/gen2brain/go-fitz v1.23.7/go.mod h1:HU04vc+RisUh/kvEd2pB0LAxmK1oyXdN4ftyshUr9rQ=
github.com/hybridgroup/yzma v1.19.0 h1:L3L5ryeJ5dt6yku0oRgcO/VNJdO2ObPkpCebd8S69o4=
github.com/hybridgroup/yzma v1.19.0/go.mod h1:DAsHYcX7ze7iFZH6PT57oCuqaVd/AXdALhjnOSgWbaE=
github.com/jupiterrider/ffi v0.7.0 h1:RKsl6Ascal+3kyAqR5Qcbp83LceQMLc1VZbPfHWoNzs=
github.com/jupiterrider/ffi v0.7.0/go.mod h1:9dauhpOfNqrqk28fxuu0kkdeFtT9Qr4vbfigiuIXN7c=
golang.org/x/sys v0.41.0 h1:Ivj+2Cp/ylzLiEU89QhWblYnOE9zerudt9Ftecq2C6k=
golang.org/x/sys v0.41.0/go.mod h1:OgkHotnGiDImocRcuBABYBEXf8A9a87e/uXjp9XT3ks=
